{
  "version": 1,
  "dependencies": {
    "net8.0": {
      "Microsoft.Extensions.Hosting": {
        "type": "Direct",
        "requested": "[10.0.1, )",
        "resolved": "10.0.1",
        "contentHash": "0jjfjQSOFZlHhwOoIQw0WyzxtkDMYdnPY3iFrOLasxYq/5J4FDt1HWT8TktBclOVjFY1FOOkoOc99X7AhbqSIw==",
        "dependencies": {
          "Microsoft.Extensions.Configuration": "10.0.1",
          "Microsoft.Extensions.Configuration.Abstractions": "10.0.1",
          "Microsoft.Extensions.Configuration.Binder": "10.0.1",
          "Microsoft.Extensions.Configuration.CommandLine": "10.0.1",
          "Microsoft.Extensions.Configuration.EnvironmentVariables": "10.0.1",
          "Microsoft.Extensions.Configuration.FileExtensions": "10.0.1",
          "Microsoft.Extensions.Configuration.Json": "10.0.1",
          "Microsoft.Extensions.Configuration.UserSecrets": "10.0.1",
          "Microsoft.Extensions.DependencyInjection": "10.0.1",
          "Microsoft.Extensions.DependencyInjection.Abstractions": "10.0.1",
          "Microsoft.Extensions.Diagnostics": "10.0.1",
          "Microsoft.Extensions.FileProviders.Abstractions": "10.0.1",
          "Microsoft.Extensions.FileProviders.Physical": "10.0.1",
          "Microsoft.Extensions.Hosting.Abstractions": "10.0.1",
          "Microsoft.Extensions.Logging": "10.0.1",
          "Microsoft.Extensions.Logging.Abstractions": "10.0.1",
          "Microsoft.Extensions.Logging.Configuration": "10.0.1",
          "Microsoft.Extensions.Logging.Console": "10.0.1",
          "Microsoft.Extensions.Logging.Debug": "10.0.1",
          "Microsoft.Extensions.Logging.EventLog": "10.0.1",
          "Microsoft.Extensions.Logging.EventSource": "10.0.1",
          "Microsoft.Extensions.Options": "10.0.1"
        }
      },
      "Microsoft.SourceLink.GitHub": {
        "type": "Direct",
        "requested": "[8.0.0, )",
        "resolved": "8.0.0",
        "contentHash": "G5q7OqtwIyGTkeIOAc3u2ZuV/kicQaec5EaRnc0pIeSnh9LUjj+PYQrJYBURvDt7twGl2PKA7nSN0kz1Zw5bnQ==",
        "dependencies": {
          "Microsoft.Build.Tasks.Git": "8.0.0",
          "Microsoft.SourceLink.Common": "8.0.0"
        }
      },
      "Newtonsoft.Json": {
        "type": "Direct",
        "requested": "[13.0.4, )",
        "resolved": "13.0.4",
        "contentHash": "pdgNNMai3zv51W5aq268sujXUyx7SNdE2bj1wZcWjAQrKMFZV260lbqYop1d2GM67JI1huLRwxo9ZqnfF/lC6A=="
      },
      "System.CommandLine": {
        "type": "Direct",
        "requested": "[2.0.1, )",
        "resolved": "2.0.1",
        "contentHash": "GLc43eDFq8KbpxIb7UhTwV0vC5CzB0NspJvfFbfhoW4O057xCJXuO18KLpVn9x3JykQn2mRske6+I6JXHwqmDg=="
      },
      "System.Drawing.Common": {
        "type": "Direct",
        "requested": "[10.0.1, )",
        "resolved": "10.0.1",
        "contentHash": "cmkIduwyVPfuO8kNehu3xNcjo26nMgUoJyfso9S/zTO85YovvPPG0/AFLjanx1iVgQ80OpJVnLb1jU3aIKNLdg==",
        "dependencies": {
          "Microsoft.Win32.SystemEvents": "10.0.1"
        }
      },
      "Microsoft.Build.Tasks.Git": {
        "type": "Transitive",
        "resolved": "8.0.0",
        "contentHash": "bZKfSIKJRXLTuSzLudMFte/8CempWjVamNUR5eHJizsy+iuOuO/k2gnh7W0dHJmYY0tBf+gUErfluCv5mySAOQ=="
      },
      "Microsoft.Extensions.Configuration": {
        "type": "Transitive",
        "resolved": "10.0.1",
        "contentHash": "njoRekyMIK+smav8B6KL2YgIfUtlsRNuT7wvurpLW+m/hoRKVnoELk2YxnUnWRGScCd1rukLMxShwLqEOKowDg==",
        "dependencies": {
          "Microsoft.Extensions.Configuration.Abstractions": "10.0.1",
          "Microsoft.Extensions.Primitives": "10.0.1"
        }
      },
      "Microsoft.Extensions.Configuration.Abstractions": {
        "type": "Transitive",
        "resolved": "10.0.1",
        "contentHash": "kPlU11hql+L9RjrN2N9/0GcRcRcZrNFlLLjadasFWeBORT6pL6OE+RYRk90GGCyVGSxTK+e1/f3dsMj5zpFFiQ==",
        "dependencies": {
          "Microsoft.Extensions.Primitives": "10.0.1"
        }
      },
      "Microsoft.Extensions.Configuration.Binder": {
        "type": "Transitive",
        "resolved": "10.0.1",
        "contentHash": "Lp4CZIuTVXtlvkAnTq6QvMSW7+H62gX2cU2vdFxHQUxvrWTpi7LwYI3X+YAyIS0r12/p7gaosco7efIxL4yFNw==",
        "dependencies": {
          "Microsoft.Extensions.Configuration": "10.0.1",
          "Microsoft.Extensions.Configuration.Abstractions": "10.0.1"
        }
      },
      "Microsoft.Extensions.Configuration.CommandLine": {
        "type": "Transitive",
        "resolved": "10.0.1",
        "contentHash": "s5cxcdtIig66YT3J+7iHflMuorznK8kXuwBBPHMp4KImx5ZGE3FRa1Nj9fI/xMwFV+KzUMjqZ2MhOedPH8LiBQ==",
        "dependencies": {
          "Microsoft.Extensions.Configuration": "10.0.1",
          "Microsoft.Extensions.Configuration.Abstractions": "10.0.1"
        }
      },
      "Microsoft.Extensions.Configuration.EnvironmentVariables": {
        "type": "Transitive",
        "resolved": "10.0.1",
        "contentHash": "csD8Eps3HQ3yc0x6NhgTV+aIFKSs3qVlVCtFnMHz/JOjnv7eEj/qSXKXiK9LzBzB1qSfAVqFnB5iaX2nUmagIQ==",
        "dependencies": {
          "Microsoft.Extensions.Configuration": "10.0.1",
          "Microsoft.Extensions.Configuration.Abstractions": "10.0.1"
        }
      },
      "Microsoft.Extensions.Configuration.FileExtensions": {
        "type": "Transitive",
        "resolved": "10.0.1",
        "contentHash": "N/6GiwiZFCBFZDk3vg1PhHW3zMqqu5WWpmeZAA9VTXv7Q8pr8NZR/EQsH0DjzqydDksJtY6EQBsu81d5okQOlA==",
        "dependencies": {
          "Microsoft.Extensions.Configuration": "10.0.1",
          "Microsoft.Extensions.Configuration.Abstractions": "10.0.1",
          "Microsoft.Extensions.FileProviders.Abstractions": "10.0.1",
          "Microsoft.Extensions.FileProviders.Physical": "10.0.1",
          "Microsoft.Extensions.Primitives": "10.0.1"
        }
      },
      "Microsoft.Extensions.Configuration.Json": {
        "type": "Transitive",
        "resolved": "10.0.1",
        "contentHash": "0zW3eYBJlRctmgqk5s0kFIi5o5y2g80mvGCD8bkYxREPQlKUnr0ndU/Sop+UDIhyWN0fIi4RW63vo7BKTi7ncA==",
        "dependencies": {
          "Microsoft.Extensions.Configuration": "10.0.1",
          "Microsoft.Extensions.Configuration.Abstractions": "10.0.1",
          "Microsoft.Extensions.Configuration.FileExtensions": "10.0.1",
          "Microsoft.Extensions.FileProviders.Abstractions": "10.0.1",
          "System.Text.Json": "10.0.1"
        }
      },
      "Microsoft.Extensions.Configuration.UserSecrets": {
        "type": "Transitive",
        "resolved": "10.0.1",
        "contentHash": "ULEJ0nkaW90JYJGkFujPcJtADXcJpXiSOLbokPcWJZ8iDbtDINifEYAUVqZVr81IDNTrRFul6O8RolOKOsgFPg==",
        "dependencies": {
          "Microsoft.Extensions.Configuration.Abstractions": "10.0.1",
          "Microsoft.Extensions.Configuration.Json": "10.0.1",
          "Microsoft.Extensions.FileProviders.Abstractions": "10.0.1",
          "Microsoft.Extensions.FileProviders.Physical": "10.0.1"
        }
      },
      "Microsoft.Extensions.DependencyInjection": {
        "type": "Transitive",
        "resolved": "10.0.1",
        "contentHash": "zerXV0GAR9LCSXoSIApbWn+Dq1/T+6vbXMHGduq1LoVQRHT0BXsGQEau0jeLUBUcsoF/NaUT8ADPu8b+eNcIyg==",
        "dependencies": {
          "Microsoft.Extensions.DependencyInjection.Abstractions": "10.0.1"
        }
      },
      "Microsoft.Extensions.DependencyInjection.Abstractions": {
        "type": "Transitive",
        "resolved": "10.0.1",
        "contentHash": "oIy8fQxxbUsSrrOvgBqlVgOeCtDmrcynnTG+FQufcUWBrwyPfwlUkCDB2vaiBeYPyT+20u9/HeuHeBf+H4F/8g=="
      },
      "Microsoft.Extensions.Diagnostics": {
        "type": "Transitive",
        "resolved": "10.0.1",
        "contentHash": "YaocqxscJLxLit0F5yq2XyB+9C7rSRfeTL7MJIl7XwaOoUO3i0EqfO2kmtjiRduYWw7yjcSINEApYZbzjau2gQ==",
        "dependencies": {
          "Microsoft.Extensions.Configuration": "10.0.1",
          "Microsoft.Extensions.Diagnostics.Abstractions": "10.0.1",
          "Microsoft.Extensions.Options.ConfigurationExtensions": "10.0.1"
        }
      },
      "Microsoft.Extensions.Diagnostics.Abstractions": {
        "type": "Transitive",
        "resolved": "10.0.1",
        "contentHash": "QMoMrkNpnQym5mpfdxfxpRDuqLpsOuztguFvzH9p+Ex+do+uLFoi7UkAsBO4e9/tNR3eMFraFf2fOAi2cp3jjA==",
        "dependencies": {
          "Microsoft.Extensions.DependencyInjection.Abstractions": "10.0.1",
          "Microsoft.Extensions.Options": "10.0.1",
          "System.Diagnostics.DiagnosticSource": "10.0.1"
        }
      },
      "Microsoft.Extensions.FileProviders.Abstractions": {
        "type": "Transitive",
        "resolved": "10.0.1",
        "contentHash": "+b3DligYSZuoWltU5YdbMpIEUHNZPgPrzWfNiIuDkMdqOl93UxYB5KzS3lgpRfTXJhTNpo/CZ8w/sTkDTPDdxQ==",
        "dependencies": {
          "Microsoft.Extensions.Primitives": "10.0.1"
        }
      },
      "Microsoft.Extensions.FileProviders.Physical": {
        "type": "Transitive",
        "resolved": "10.0.1",
        "contentHash": "4bxzGXIzZnz0Bf7czQ72jGvpOqJsRW/44PS7YLFXTTnu6cNcPvmSREDvBoH0ZVP2hAbMfL4sUoCUn54k70jPWw==",
        "dependencies": {
          "Microsoft.Extensions.FileProviders.Abstractions": "10.0.1",
          "Microsoft.Extensions.FileSystemGlobbing": "10.0.1",
          "Microsoft.Extensions.Primitives": "10.0.1"
        }
      },
      "Microsoft.Extensions.FileSystemGlobbing": {
        "type": "Transitive",
        "resolved": "10.0.1",
        "contentHash": "49dFvGJjLSwGn76eHnP1gBvCJkL8HRYpCrG0DCvsP6wRpEQRLN2Fq8rTxbP+6jS7jmYKCnSVO5C65v4mT3rzeA=="
      },
      "Microsoft.Extensions.Hosting.Abstractions": {
        "type": "Transitive",
        "resolved": "10.0.1",
        "contentHash": "qmoQkVZcbm4/gFpted3W3Y+1kTATZTcUhV3mRkbtpfBXlxWCHwh/2oMffVcCruaGOfJuEnyAsGyaSUouSdECOw==",
        "dependencies": {
          "Microsoft.Extensions.Configuration.Abstractions": "10.0.1",
          "Microsoft.Extensions.DependencyInjection.Abstractions": "10.0.1",
          "Microsoft.Extensions.Diagnostics.Abstractions": "10.0.1",
          "Microsoft.Extensions.FileProviders.Abstractions": "10.0.1",
          "Microsoft.Extensions.Logging.Abstractions": "10.0.1"
        }
      },
      "Microsoft.Extensions.Logging": {
        "type": "Transitive",
        "resolved": "10.0.1",
        "contentHash": "9ItMpMLFZFJFqCuHLLbR3LiA4ahA8dMtYuXpXl2YamSDWZhYS9BruPprkftY0tYi2bQ0slNrixdFm+4kpz1g5w==",
        "dependencies": {
          "Microsoft.Extensions.DependencyInjection": "10.0.1",
          "Microsoft.Extensions.Logging.Abstractions": "10.0.1",
          "Microsoft.Extensions.Options": "10.0.1"
        }
      },
      "Microsoft.Extensions.Logging.Abstractions": {
        "type": "Transitive",
        "resolved": "10.0.1",
        "contentHash": "YkmyiPIWAXVb+lPIrM0LE5bbtLOJkCiRTFiHpkVOvhI7uTvCfoOHLEN0LcsY56GpSD7NqX3gJNpsaDe87/B3zg==",
        "dependencies": {
          "Microsoft.Extensions.DependencyInjection.Abstractions": "10.0.1",
          "System.Diagnostics.DiagnosticSource": "10.0.1"
        }
      },
      "Microsoft.Extensions.Logging.Configuration": {
        "type": "Transitive",
        "resolved": "10.0.1",
        "contentHash": "Zg8LLnfZs5o2RCHD/+9NfDtJ40swauemwCa7sI8gQoAye/UJHRZNpCtC7a5XE7l9Z7mdI8iMWnLZ6m7Q6S3jLg==",
        "dependencies": {
          "Microsoft.Extensions.Configuration": "10.0.1",
          "Microsoft.Extensions.Configuration.Abstractions": "10.0.1",
          "Microsoft.Extensions.Configuration.Binder": "10.0.1",
          "Microsoft.Extensions.DependencyInjection.Abstractions": "10.0.1",
          "Microsoft.Extensions.Logging": "10.0.1",
          "Microsoft.Extensions.Logging.Abstractions": "10.0.1",
          "Microsoft.Extensions.Options": "10.0.1",
          "Microsoft.Extensions.Options.ConfigurationExtensions": "10.0.1"
        }
      },
      "Microsoft.Extensions.Logging.Console": {
        "type": "Transitive",
        "resolved": "10.0.1",
        "contentHash": "38Q8sEHwQ/+wVO/mwQBa0fcdHbezFpusHE+vBw/dSr6Fq/kzZm3H/NQX511Jki/R3FHd64IY559gdlHZQtYeEA==",
        "dependencies": {
          "Microsoft.Extensions.DependencyInjection.Abstractions": "10.0.1",
          "Microsoft.Extensions.Logging": "10.0.1",
          "Microsoft.Extensions.Logging.Abstractions": "10.0.1",
          "Microsoft.Extensions.Logging.Configuration": "10.0.1",
          "Microsoft.Extensions.Options": "10.0.1",
          "System.Text.Json": "10.0.1"
        }
      },
      "Microsoft.Extensions.Logging.Debug": {
        "type": "Transitive",
        "resolved": "10.0.1",
        "contentHash": "VqfTvbX9C6BA0VeIlpzPlljnNsXxiI5CdUHb9ksWERH94WQ6ft3oLGUAa4xKcDGu4xF+rIZ8wj7IOAd6/q7vGw==",
        "dependencies": {
          "Microsoft.Extensions.DependencyInjection.Abstractions": "10.0.1",
          "Microsoft.Extensions.Logging": "10.0.1",
          "Microsoft.Extensions.Logging.Abstractions": "10.0.1"
        }
      },
      "Microsoft.Extensions.Logging.EventLog": {
        "type": "Transitive",
        "resolved": "10.0.1",
        "contentHash": "Zp9MM+jFCa7oktIug62V9eNygpkf+6kFVatF+UC/ODeUwIr5givYKy8fYSSI9sWdxqDqv63y1x0mm2VjOl8GOw==",
        "dependencies": {
          "Microsoft.Extensions.DependencyInjection.Abstractions": "10.0.1",
          "Microsoft.Extensions.Logging": "10.0.1",
          "Microsoft.Extensions.Logging.Abstractions": "10.0.1",
          "Microsoft.Extensions.Options": "10.0.1",
          "System.Diagnostics.EventLog": "10.0.1"
        }
      },
      "Microsoft.Extensions.Logging.EventSource": {
        "type": "Transitive",
        "resolved": "10.0.1",
        "contentHash": "WnFvZP+Y+lfeNFKPK/+mBpaCC7EeBDlobrQOqnP7rrw/+vE7yu8Rjczum1xbC0F/8cAHafog84DMp9200akMNQ==",
        "dependencies": {
          "Microsoft.Extensions.DependencyInjection.Abstractions": "10.0.1",
          "Microsoft.Extensions.Logging": "10.0.1",
          "Microsoft.Extensions.Logging.Abstractions": "10.0.1",
          "Microsoft.Extensions.Options": "10.0.1",
          "Microsoft.Extensions.Primitives": "10.0.1",
          "System.Text.Json": "10.0.1"
        }
      },
      "Microsoft.Extensions.Options": {
        "type": "Transitive",
        "resolved": "10.0.1",
        "contentHash": "G6VVwywpJI4XIobetGHwg7wDOYC2L2XBYdtskxLaKF/Ynb5QBwLl7Q//wxAR2aVCLkMpoQrjSP9VoORkyddsNQ==",
        "dependencies": {
          "Microsoft.Extensions.DependencyInjection.Abstractions": "10.0.1",
          "Microsoft.Extensions.Primitives": "10.0.1"
        }
      },
      "Microsoft.Extensions.Options.ConfigurationExtensions": {
        "type": "Transitive",
        "resolved": "10.0.1",
        "contentHash": "pL78/Im7O3WmxHzlKUsWTYchKL881udU7E26gCD3T0+/tPhWVfjPwMzfN/MRKU7aoFYcOiqcG2k1QTlH5woWow==",
        "dependencies": {
          "Microsoft.Extensions.Configuration.Abstractions": "10.0.1",
          "Microsoft.Extensions.Configuration.Binder": "10.0.1",
          "Microsoft.Extensions.DependencyInjection.Abstractions": "10.0.1",
          "Microsoft.Extensions.Options": "10.0.1",
          "Microsoft.Extensions.Primitives": "10.0.1"
        }
      },
      "Microsoft.Extensions.Primitives": {
        "type": "Transitive",
        "resolved": "10.0.1",
        "contentHash": "DO8XrJkp5x4PddDuc/CH37yDBCs9BYN6ijlKyR3vMb55BP1Vwh90vOX8bNfnKxr5B2qEI3D8bvbY1fFbDveDHQ=="
      },
      "Microsoft.SourceLink.Common": {
        "type": "Transitive",
        "resolved": "8.0.0",
        "contentHash": "dk9JPxTCIevS75HyEQ0E4OVAFhB2N+V9ShCXf8Q6FkUQZDkgLI12y679Nym1YqsiSysuQskT7Z+6nUf3yab6Vw=="
      },
      "Microsoft.Win32.SystemEvents": {
        "type": "Transitive",
        "resolved": "10.0.1",
        "contentHash": "trU4LN2C04nj5qnl8HqoX0NJGPCFg9h2f5o+jjp3Xm8c8fQtu6Ga1/fNFMf3AapoHyLP1WlP21XnL2ij/TLKlg=="
      },
      "System.Diagnostics.DiagnosticSource": {
        "type": "Transitive",
        "resolved": "10.0.1",
        "contentHash": "wVYO4/71Pk177uQ3TG8ZQFS3Pnmr98cF9pYxnpuIb/bMnbEWsdZZoLU/euv29mfSi2/Iuypj0TRUchPk7aqBGg=="
      },
      "System.Diagnostics.EventLog": {
        "type": "Transitive",
        "resolved": "10.0.1",
        "contentHash": "xfaHEHVDkMOOZR5S6ZGezD0+vekdH1Nx/9Ih8/rOqOGSOk1fxiN3u94bYkBW/wigj0Uw2Wt3vvRj9mtYdgwEjw=="
      },
      "System.IO.Pipelines": {
        "type": "Transitive",
        "resolved": "10.0.1",
        "contentHash": "26LbFXHKd7PmRnWlkjnYgmjd5B6HYVG+1MpTO25BdxTJnx6D0O16JPAC/S4YBqjtt4YpfGj1QO/Ss6SPMGEGQw=="
      },
      "System.Text.Encodings.Web": {
        "type": "Transitive",
        "resolved": "10.0.1",
        "contentHash": "cVAka0o1rJJ5/De0pjNs7jcaZk5hUGf1HGzUyVmE2MEB1Vf0h/8qsWxImk1zjitCbeD2Avaq2P2+usdvqgbeVQ=="
      },
      "System.Text.Json": {
        "type": "Transitive",
        "resolved": "10.0.1",
        "contentHash": "EsgwDgU1PFqhrFA9l5n+RBu76wFhNGCEwu8ITrBNhjPP3MxLyklroU5GIF8o6JYpYg6T4KD/VICfMdgPAvNp5g==",
        "dependencies": {
          "System.IO.Pipelines": "10.0.1",
          "System.Text.Encodings.Web": "10.0.1"
        }
      }
    }
  }
}